
Microsoft Visual Studio Solution File, Format Version 12.00
# Visual Studio 15
VisualStudioVersion = 15.0.28307.1062
MinimumVisualStudioVersion = 10.0.40219.1
Project("{FAE04EC0-301F-11D3-BF4B-00C04F79EFBC}") = "Mov4e", "mov4eLogin\Mov4e.csproj", "{08510E9A-7460-4B9C-A355-A67F7AA9A456}"
EndProject
Global
	GlobalSection(SolutionConfigurationPlatforms) = preSolution
		Debug|Any CPU = Debug|Any CPU
		Release|Any CPU = Release|Any CPU
	EndGlobalSection
	GlobalSection(ProjectConfigurationPlatforms) = postSolution
		{08510E9A-7460-4B9C-A355-A67F7AA9A456}.Debug|Any CPU.ActiveCfg = Debug|Any CPU
		{08510E9A-7460-4B9C-A355-A67F7AA9A456}.Debug|Any CPU.Build.0 = Debug|Any CPU
		{08510E9A-7460-4B9C-A355-A67F7AA9A456}.Release|Any CPU.ActiveCfg = Release|Any CPU
		{08510E9A-7460-4B9C-A355-A67F7AA9A456}.Release|Any CPU.Build.0 = Release|Any CPU
	EndGlobalSection
	GlobalSection(SolutionProperties) = preSolution
		HideSolutionNode = FALSE
	EndGlobalSection
	GlobalSection(ExtensibilityGlobals) = postSolution
		SolutionGuid = {A474B598-13FA-49BD-9C3C-C10F8A679FD6}
	EndGlobalSection
EndGlobal
